// !$*UTF8*$!
{
	archiveVersion = 1;
	classes = {
	};
	objectVersion = 48;
	objects = {

/* Begin PBXBuildFile section */
		0E1086051FF937A700C262A4 /* DetailViewControllerTableCell.swift in Sources */ = {isa = PBXBuildFile; fileRef = 0E1086041FF937A700C262A4 /* DetailViewControllerTableCell.swift */; };
		0E12CAA61FF5177000699CA8 /* TypeViewController.swift in Sources */ = {isa = PBXBuildFile; fileRef = 0E12CAA51FF5177000699CA8 /* TypeViewController.swift */; };
		0E13284D1FFBD01B00AD6CC8 /* Weather.swift in Sources */ = {isa = PBXBuildFile; fileRef = 0E13284C1FFBD01B00AD6CC8 /* Weather.swift */; };
		0E1B4B251FEE978B00CD905D /* PageViewController.swift in Sources */ = {isa = PBXBuildFile; fileRef = 0E1B4B241FEE978B00CD905D /* PageViewController.swift */; };
		0E5F38851FEEA44A00C3E9B4 /* DetailViewController.swift in Sources */ = {isa = PBXBuildFile; fileRef = 0E5F38841FEEA44A00C3E9B4 /* DetailViewController.swift */; };
		0E66A3751FFB897E00F503B6 /* WeatherService.swift in Sources */ = {isa = PBXBuildFile; fileRef = 0E66A3741FFB897E00F503B6 /* WeatherService.swift */; };
		0E705E741FED362D0081E1DA /* LocationServices.swift in Sources */ = {isa = PBXBuildFile; fileRef = 0E705E731FED362D0081E1DA /* LocationServices.swift */; };
		0E70DEE3200163FA00260290 /* GoogleMapsCore.framework in Frameworks */ = {isa = PBXBuildFile; fileRef = 0E70DEE1200163FA00260290 /* GoogleMapsCore.framework */; };
		0E70DEE4200163FA00260290 /* GoogleMaps.framework in Frameworks */ = {isa = PBXBuildFile; fileRef = 0E70DEE2200163FA00260290 /* GoogleMaps.framework */; };
		0EB754441FEBCD2600F8B8B6 /* AppDelegate.swift in Sources */ = {isa = PBXBuildFile; fileRef = 0EB754431FEBCD2600F8B8B6 /* AppDelegate.swift */; };
		0EB754461FEBCD2600F8B8B6 /* MapViewController.swift in Sources */ = {isa = PBXBuildFile; fileRef = 0EB754451FEBCD2600F8B8B6 /* MapViewController.swift */; };
		0EB754491FEBCD2600F8B8B6 /* Main.storyboard in Resources */ = {isa = PBXBuildFile; fileRef = 0EB754471FEBCD2600F8B8B6 /* Main.storyboard */; };
		0EB7544B1FEBCD2600F8B8B6 /* Assets.xcassets in Resources */ = {isa = PBXBuildFile; fileRef = 0EB7544A1FEBCD2600F8B8B6 /* Assets.xcassets */; };
		0EB7544E1FEBCD2600F8B8B6 /* LaunchScreen.storyboard in Resources */ = {isa = PBXBuildFile; fileRef = 0EB7544C1FEBCD2600F8B8B6 /* LaunchScreen.storyboard */; };
		0EB754591FEBCD2600F8B8B6 /* aqutiTests.swift in Sources */ = {isa = PBXBuildFile; fileRef = 0EB754581FEBCD2600F8B8B6 /* aqutiTests.swift */; };
		0EB754641FEBCD2600F8B8B6 /* aqutiUITests.swift in Sources */ = {isa = PBXBuildFile; fileRef = 0EB754631FEBCD2600F8B8B6 /* aqutiUITests.swift */; };
		1E7FD6379AA1D2E870CC82D0 /* Pods_aqutiTests.framework in Frameworks */ = {isa = PBXBuildFile; fileRef = 0AD0613A812BCDB021EDE4F9 /* Pods_aqutiTests.framework */; };
		9BFF5EC35A84449D1B306B9F /* Pods_aqutiUITests.framework in Frameworks */ = {isa = PBXBuildFile; fileRef = B4F62663359397921B0F7CA0 /* Pods_aqutiUITests.framework */; };
		B08A1CC633ADE494C5BA53E3 /* Pods_aquti.framework in Frameworks */ = {isa = PBXBuildFile; fileRef = 39C2C61DBED4B8105128B807 /* Pods_aquti.framework */; };
/* End PBXBuildFile section */

/* Begin PBXContainerItemProxy section */
		0EB754551FEBCD2600F8B8B6 /* PBXContainerItemProxy */ = {
			isa = PBXContainerItemProxy;
			containerPortal = 0EB754381FEBCD2500F8B8B6 /* Project object */;
			proxyType = 1;
			remoteGlobalIDString = 0EB7543F1FEBCD2500F8B8B6;
			remoteInfo = aquti;
		};
		0EB754601FEBCD2600F8B8B6 /* PBXContainerItemProxy */ = {
			isa = PBXContainerItemProxy;
			containerPortal = 0EB754381FEBCD2500F8B8B6 /* Project object */;
			proxyType = 1;
			remoteGlobalIDString = 0EB7543F1FEBCD2500F8B8B6;
			remoteInfo = aquti;
		};
/* End PBXContainerItemProxy section */

/* Begin PBXFileReference section */
		0AD0613A812BCDB021EDE4F9 /* Pods_aqutiTests.framework */ = {isa = PBXFileReference; explicitFileType = wrapper.framework; includeInIndex = 0; path = Pods_aqutiTests.framework; sourceTree = BUILT_PRODUCTS_DIR; };
		0E1086041FF937A700C262A4 /* DetailViewControllerTableCell.swift */ = {isa = PBXFileReference; lastKnownFileType = sourcecode.swift; path = DetailViewControllerTableCell.swift; sourceTree = "<group>"; };
		0E12CAA51FF5177000699CA8 /* TypeViewController.swift */ = {isa = PBXFileReference; lastKnownFileType = sourcecode.swift; path = TypeViewController.swift; sourceTree = "<group>"; };
		0E13284C1FFBD01B00AD6CC8 /* Weather.swift */ = {isa = PBXFileReference; lastKnownFileType = sourcecode.swift; path = Weather.swift; sourceTree = "<group>"; };
		0E1B4B241FEE978B00CD905D /* PageViewController.swift */ = {isa = PBXFileReference; lastKnownFileType = sourcecode.swift; path = PageViewController.swift; sourceTree = "<group>"; };
		0E5F38841FEEA44A00C3E9B4 /* DetailViewController.swift */ = {isa = PBXFileReference; lastKnownFileType = sourcecode.swift; path = DetailViewController.swift; sourceTree = "<group>"; };
		0E66A3741FFB897E00F503B6 /* WeatherService.swift */ = {isa = PBXFileReference; lastKnownFileType = sourcecode.swift; path = WeatherService.swift; sourceTree = "<group>"; };
		0E705E731FED362D0081E1DA /* LocationServices.swift */ = {isa = PBXFileReference; lastKnownFileType = sourcecode.swift; path = LocationServices.swift; sourceTree = "<group>"; };
		0E70DEE1200163FA00260290 /* GoogleMapsCore.framework */ = {isa = PBXFileReference; lastKnownFileType = wrapper.framework; name = GoogleMapsCore.framework; path = Pods/GoogleMaps/Maps/Frameworks/GoogleMapsCore.framework; sourceTree = "<group>"; };
		0E70DEE2200163FA00260290 /* GoogleMaps.framework */ = {isa = PBXFileReference; lastKnownFileType = wrapper.framework; name = GoogleMaps.framework; path = Pods/GoogleMaps/Maps/Frameworks/GoogleMaps.framework; sourceTree = "<group>"; };
		0E7284F000D55B5B8580E66F /* Pods-aquti.debug.xcconfig */ = {isa = PBXFileReference; includeInIndex = 1; lastKnownFileType = text.xcconfig; name = "Pods-aquti.debug.xcconfig"; path = "Pods/Target Support Files/Pods-aquti/Pods-aquti.debug.xcconfig"; sourceTree = "<group>"; };
		0EB754401FEBCD2500F8B8B6 /* aquti.app */ = {isa = PBXFileReference; explicitFileType = wrapper.application; includeInIndex = 0; path = aquti.app; sourceTree = BUILT_PRODUCTS_DIR; };
		0EB754431FEBCD2600F8B8B6 /* AppDelegate.swift */ = {isa = PBXFileReference; lastKnownFileType = sourcecode.swift; path = AppDelegate.swift; sourceTree = "<group>"; };
		0EB754451FEBCD2600F8B8B6 /* MapViewController.swift */ = {isa = PBXFileReference; lastKnownFileType = sourcecode.swift; path = MapViewController.swift; sourceTree = "<group>"; };
		0EB754481FEBCD2600F8B8B6 /* Base */ = {isa = PBXFileReference; lastKnownFileType = file.storyboard; name = Base; path = Base.lproj/Main.storyboard; sourceTree = "<group>"; };
		0EB7544A1FEBCD2600F8B8B6 /* Assets.xcassets */ = {isa = PBXFileReference; lastKnownFileType = folder.assetcatalog; path = Assets.xcassets; sourceTree = "<group>"; };
		0EB7544D1FEBCD2600F8B8B6 /* Base */ = {isa = PBXFileReference; lastKnownFileType = file.storyboard; name = Base; path = Base.lproj/LaunchScreen.storyboard; sourceTree = "<group>"; };
		0EB7544F1FEBCD2600F8B8B6 /* Info.plist */ = {isa = PBXFileReference; lastKnownFileType = text.plist.xml; path = Info.plist; sourceTree = "<group>"; };
		0EB754541FEBCD2600F8B8B6 /* aqutiTests.xctest */ = {isa = PBXFileReference; explicitFileType = wrapper.cfbundle; includeInIndex = 0; path = aqutiTests.xctest; sourceTree = BUILT_PRODUCTS_DIR; };
		0EB754581FEBCD2600F8B8B6 /* aqutiTests.swift */ = {isa = PBXFileReference; lastKnownFileType = sourcecode.swift; path = aqutiTests.swift; sourceTree = "<group>"; };
		0EB7545A1FEBCD2600F8B8B6 /* Info.plist */ = {isa = PBXFileReference; lastKnownFileType = text.plist.xml; path = Info.plist; sourceTree = "<group>"; };
		0EB7545F1FEBCD2600F8B8B6 /* aqutiUITests.xctest */ = {isa = PBXFileReference; explicitFileType = wrapper.cfbundle; includeInIndex = 0; path = aqutiUITests.xctest; sourceTree = BUILT_PRODUCTS_DIR; };
		0EB754631FEBCD2600F8B8B6 /* aqutiUITests.swift */ = {isa = PBXFileReference; lastKnownFileType = sourcecode.swift; path = aqutiUITests.swift; sourceTree = "<group>"; };
		0EB754651FEBCD2600F8B8B6 /* Info.plist */ = {isa = PBXFileReference; lastKnownFileType = text.plist.xml; path = Info.plist; sourceTree = "<group>"; };
		1E554587B80CB72A33972B75 /* Pods-aqutiTests.debug.xcconfig */ = {isa = PBXFileReference; includeInIndex = 1; lastKnownFileType = text.xcconfig; name = "Pods-aqutiTests.debug.xcconfig"; path = "Pods/Target Support Files/Pods-aqutiTests/Pods-aqutiTests.debug.xcconfig"; sourceTree = "<group>"; };
		39C2C61DBED4B8105128B807 /* Pods_aquti.framework */ = {isa = PBXFileReference; explicitFileType = wrapper.framework; includeInIndex = 0; path = Pods_aquti.framework; sourceTree = BUILT_PRODUCTS_DIR; };
		9538F6FF514049D9F15D82A8 /* Pods-aquti.release.xcconfig */ = {isa = PBXFileReference; includeInIndex = 1; lastKnownFileType = text.xcconfig; name = "Pods-aquti.release.xcconfig"; path = "Pods/Target Support Files/Pods-aquti/Pods-aquti.release.xcconfig"; sourceTree = "<group>"; };
		B4F62663359397921B0F7CA0 /* Pods_aqutiUITests.framework */ = {isa = PBXFileReference; explicitFileType = wrapper.framework; includeInIndex = 0; path = Pods_aqutiUITests.framework; sourceTree = BUILT_PRODUCTS_DIR; };
		CEBA0D288A4D50CC3E694CEA /* Pods-aqutiUITests.release.xcconfig */ = {isa = PBXFileReference; includeInIndex = 1; lastKnownFileType = text.xcconfig; name = "Pods-aqutiUITests.release.xcconfig"; path = "Pods/Target Support Files/Pods-aqutiUITests/Pods-aqutiUITests.release.xcconfig"; sourceTree = "<group>"; };
		E157F8217A67EB405D707A5C /* Pods-aqutiTests.release.xcconfig */ = {isa = PBXFileReference; includeInIndex = 1; lastKnownFileType = text.xcconfig; name = "Pods-aqutiTests.release.xcconfig"; path = "Pods/Target Support Files/Pods-aqutiTests/Pods-aqutiTests.release.xcconfig"; sourceTree = "<group>"; };
		FB7D27E6AA9671C11093771E /* Pods-aqutiUITests.debug.xcconfig */ = {isa = PBXFileReference; includeInIndex = 1; lastKnownFileType = text.xcconfig; name = "Pods-aqutiUITests.debug.xcconfig"; path = "Pods/Target Support Files/Pods-aqutiUITests/Pods-aqutiUITests.debug.xcconfig"; sourceTree = "<group>"; };
/* End PBXFileReference section */

/* Begin PBXFrameworksBuildPhase section */
		0EB7543D1FEBCD2500F8B8B6 /* Frameworks */ = {
			isa = PBXFrameworksBuildPhase;
			buildActionMask = 2147483647;
			files = (
				0E70DEE4200163FA00260290 /* GoogleMaps.framework in Frameworks */,
				B08A1CC633ADE494C5BA53E3 /* Pods_aquti.framework in Frameworks */,
				0E70DEE3200163FA00260290 /* GoogleMapsCore.framework in Frameworks */,
			);
			runOnlyForDeploymentPostprocessing = 0;
		};
		0EB754511FEBCD2600F8B8B6 /* Frameworks */ = {
			isa = PBXFrameworksBuildPhase;
			buildActionMask = 2147483647;
			files = (
				1E7FD6379AA1D2E870CC82D0 /* Pods_aqutiTests.framework in Frameworks */,
			);
			runOnlyForDeploymentPostprocessing = 0;
		};
		0EB7545C1FEBCD2600F8B8B6 /* Frameworks */ = {
			isa = PBXFrameworksBuildPhase;
			buildActionMask = 2147483647;
			files = (
				9BFF5EC35A84449D1B306B9F /* Pods_aqutiUITests.framework in Frameworks */,
			);
			runOnlyForDeploymentPostprocessing = 0;
		};
/* End PBXFrameworksBuildPhase section */

/* Begin PBXGroup section */
		0E12CAA41FF5171B00699CA8 /* Controllers */ = {
			isa = PBXGroup;
			children = (
				0EB754451FEBCD2600F8B8B6 /* MapViewController.swift */,
				0E5F38841FEEA44A00C3E9B4 /* DetailViewController.swift */,
				0E1B4B241FEE978B00CD905D /* PageViewController.swift */,
				0E12CAA51FF5177000699CA8 /* TypeViewController.swift */,
				0E1086041FF937A700C262A4 /* DetailViewControllerTableCell.swift */,
			);
			path = Controllers;
			sourceTree = "<group>";
		};
		0E13284B1FFBD00100AD6CC8 /* Model */ = {
			isa = PBXGroup;
			children = (
				0E13284C1FFBD01B00AD6CC8 /* Weather.swift */,
			);
			path = Model;
			sourceTree = "<group>";
		};
		0E705E721FED35FF0081E1DA /* Services */ = {
			isa = PBXGroup;
			children = (
				0E705E731FED362D0081E1DA /* LocationServices.swift */,
				0E66A3741FFB897E00F503B6 /* WeatherService.swift */,
			);
			path = Services;
			sourceTree = "<group>";
		};
		0EB754371FEBCD2500F8B8B6 = {
			isa = PBXGroup;
			children = (
				0EB754421FEBCD2600F8B8B6 /* aquti */,
				0EB754571FEBCD2600F8B8B6 /* aqutiTests */,
				0EB754621FEBCD2600F8B8B6 /* aqutiUITests */,
				0EB754411FEBCD2500F8B8B6 /* Products */,
				CC42FAD0B461ACA34A98C273 /* Pods */,
				CFAD578C33E45323BE70EF72 /* Frameworks */,
			);
			sourceTree = "<group>";
		};
		0EB754411FEBCD2500F8B8B6 /* Products */ = {
			isa = PBXGroup;
			children = (
				0EB754401FEBCD2500F8B8B6 /* aquti.app */,
				0EB754541FEBCD2600F8B8B6 /* aqutiTests.xctest */,
				0EB7545F1FEBCD2600F8B8B6 /* aqutiUITests.xctest */,
			);
			name = Products;
			sourceTree = "<group>";
		};
		0EB754421FEBCD2600F8B8B6 /* aquti */ = {
			isa = PBXGroup;
			children = (
				0E13284B1FFBD00100AD6CC8 /* Model */,
				0E12CAA41FF5171B00699CA8 /* Controllers */,
				0E705E721FED35FF0081E1DA /* Services */,
				0EB754431FEBCD2600F8B8B6 /* AppDelegate.swift */,
				0EB754471FEBCD2600F8B8B6 /* Main.storyboard */,
				0EB7544A1FEBCD2600F8B8B6 /* Assets.xcassets */,
				0EB7544C1FEBCD2600F8B8B6 /* LaunchScreen.storyboard */,
				0EB7544F1FEBCD2600F8B8B6 /* Info.plist */,
			);
			path = aquti;
			sourceTree = "<group>";
		};
		0EB754571FEBCD2600F8B8B6 /* aqutiTests */ = {
			isa = PBXGroup;
			children = (
				0EB754581FEBCD2600F8B8B6 /* aqutiTests.swift */,
				0EB7545A1FEBCD2600F8B8B6 /* Info.plist */,
			);
			path = aqutiTests;
			sourceTree = "<group>";
		};
		0EB754621FEBCD2600F8B8B6 /* aqutiUITests */ = {
			isa = PBXGroup;
			children = (
				0EB754631FEBCD2600F8B8B6 /* aqutiUITests.swift */,
				0EB754651FEBCD2600F8B8B6 /* Info.plist */,
			);
			path = aqutiUITests;
			sourceTree = "<group>";
		};
		CC42FAD0B461ACA34A98C273 /* Pods */ = {
			isa = PBXGroup;
			children = (
				0E7284F000D55B5B8580E66F /* Pods-aquti.debug.xcconfig */,
				9538F6FF514049D9F15D82A8 /* Pods-aquti.release.xcconfig */,
				1E554587B80CB72A33972B75 /* Pods-aqutiTests.debug.xcconfig */,
				E157F8217A67EB405D707A5C /* Pods-aqutiTests.release.xcconfig */,
				FB7D27E6AA9671C11093771E /* Pods-aqutiUITests.debug.xcconfig */,
				CEBA0D288A4D50CC3E694CEA /* Pods-aqutiUITests.release.xcconfig */,
			);
			name = Pods;
			sourceTree = "<group>";
		};
		CFAD578C33E45323BE70EF72 /* Frameworks */ = {
			isa = PBXGroup;
			children = (
				0E70DEE2200163FA00260290 /* GoogleMaps.framework */,
				0E70DEE1200163FA00260290 /* GoogleMapsCore.framework */,
				39C2C61DBED4B8105128B807 /* Pods_aquti.framework */,
				0AD0613A812BCDB021EDE4F9 /* Pods_aqutiTests.framework */,
				B4F62663359397921B0F7CA0 /* Pods_aqutiUITests.framework */,
			);
			name = Frameworks;
			sourceTree = "<group>";
		};
/* End PBXGroup section */

/* Begin PBXNativeTarget section */
		0EB7543F1FEBCD2500F8B8B6 /* aquti */ = {
			isa = PBXNativeTarget;
			buildConfigurationList = 0EB754681FEBCD2600F8B8B6 /* Build configuration list for PBXNativeTarget "aquti" */;
			buildPhases = (
				B0DE79ECBB5D2849A9B6028F /* [CP] Check Pods Manifest.lock */,
				0EB7543C1FEBCD2500F8B8B6 /* Sources */,
				0EB7543D1FEBCD2500F8B8B6 /* Frameworks */,
				0EB7543E1FEBCD2500F8B8B6 /* Resources */,
				32B73FF505A314EA93F5DE3A /* [CP] Embed Pods Frameworks */,
				E1E27776714E0D47C2DBA4FD /* [CP] Copy Pods Resources */,
			);
			buildRules = (
			);
			dependencies = (
			);
			name = aquti;
			productName = aquti;
			productReference = 0EB754401FEBCD2500F8B8B6 /* aquti.app */;
			productType = "com.apple.product-type.application";
		};
		0EB754531FEBCD2600F8B8B6 /* aqutiTests */ = {
			isa = PBXNativeTarget;
			buildConfigurationList = 0EB7546B1FEBCD2600F8B8B6 /* Build configuration list for PBXNativeTarget "aqutiTests" */;
			buildPhases = (
				279F7CC690AE1727E7485682 /* [CP] Check Pods Manifest.lock */,
				0EB754501FEBCD2600F8B8B6 /* Sources */,
				0EB754511FEBCD2600F8B8B6 /* Frameworks */,
				0EB754521FEBCD2600F8B8B6 /* Resources */,
				773263B9541A91FF4821598E /* [CP] Embed Pods Frameworks */,
				74DF7014B47188A47BCD27B9 /* [CP] Copy Pods Resources */,
			);
			buildRules = (
			);
			dependencies = (
				0EB754561FEBCD2600F8B8B6 /* PBXTargetDependency */,
			);
			name = aqutiTests;
			productName = aqutiTests;
			productReference = 0EB754541FEBCD2600F8B8B6 /* aqutiTests.xctest */;
			productType = "com.apple.product-type.bundle.unit-test";
		};
		0EB7545E1FEBCD2600F8B8B6 /* aqutiUITests */ = {
			isa = PBXNativeTarget;
			buildConfigurationList = 0EB7546E1FEBCD2600F8B8B6 /* Build configuration list for PBXNativeTarget "aqutiUITests" */;
			buildPhases = (
				2C3D90C1D06334BBD492B4DC /* [CP] Check Pods Manifest.lock */,
				0EB7545B1FEBCD2600F8B8B6 /* Sources */,
				0EB7545C1FEBCD2600F8B8B6 /* Frameworks */,
				0EB7545D1FEBCD2600F8B8B6 /* Resources */,
				D78743A6E78189FC0AC62201 /* [CP] Embed Pods Frameworks */,
				8E1406B502A4D3AA9B833759 /* [CP] Copy Pods Resources */,
			);
			buildRules = (
			);
			dependencies = (
				0EB754611FEBCD2600F8B8B6 /* PBXTargetDependency */,
			);
			name = aqutiUITests;
			productName = aqutiUITests;
			productReference = 0EB7545F1FEBCD2600F8B8B6 /* aqutiUITests.xctest */;
			productType = "com.apple.product-type.bundle.ui-testing";
		};
/* End PBXNativeTarget section */

/* Begin PBXProject section */
		0EB754381FEBCD2500F8B8B6 /* Project object */ = {
			isa = PBXProject;
			attributes = {
				LastSwiftUpdateCheck = 0900;
				LastUpgradeCheck = 0900;
				ORGANIZATIONNAME = "Wout Bauwens";
				TargetAttributes = {
					0EB7543F1FEBCD2500F8B8B6 = {
						CreatedOnToolsVersion = 9.0.1;
						ProvisioningStyle = Automatic;
					};
					0EB754531FEBCD2600F8B8B6 = {
						CreatedOnToolsVersion = 9.0.1;
						ProvisioningStyle = Automatic;
						TestTargetID = 0EB7543F1FEBCD2500F8B8B6;
					};
					0EB7545E1FEBCD2600F8B8B6 = {
						CreatedOnToolsVersion = 9.0.1;
						ProvisioningStyle = Automatic;
						TestTargetID = 0EB7543F1FEBCD2500F8B8B6;
					};
				};
			};
			buildConfigurationList = 0EB7543B1FEBCD2500F8B8B6 /* Build configuration list for PBXProject "aquti" */;
			compatibilityVersion = "Xcode 8.0";
			developmentRegion = en;
			hasScannedForEncodings = 0;
			knownRegions = (
				en,
				Base,
			);
			mainGroup = 0EB754371FEBCD2500F8B8B6;
			productRefGroup = 0EB754411FEBCD2500F8B8B6 /* Products */;
			projectDirPath = "";
			projectRoot = "";
			targets = (
				0EB7543F1FEBCD2500F8B8B6 /* aquti */,
				0EB754531FEBCD2600F8B8B6 /* aqutiTests */,
				0EB7545E1FEBCD2600F8B8B6 /* aqutiUITests */,
			);
		};
/* End PBXProject section */

/* Begin PBXResourcesBuildPhase section */
		0EB7543E1FEBCD2500F8B8B6 /* Resources */ = {
			isa = PBXResourcesBuildPhase;
			buildActionMask = 2147483647;
			files = (
				0EB7544E1FEBCD2600F8B8B6 /* LaunchScreen.storyboard in Resources */,
				0EB7544B1FEBCD2600F8B8B6 /* Assets.xcassets in Resources */,
				0EB754491FEBCD2600F8B8B6 /* Main.storyboard in Resources */,
			);
			runOnlyForDeploymentPostprocessing = 0;
		};
		0EB754521FEBCD2600F8B8B6 /* Resources */ = {
			isa = PBXResourcesBuildPhase;
			buildActionMask = 2147483647;
			files = (
			);
			runOnlyForDeploymentPostprocessing = 0;
		};
		0EB7545D1FEBCD2600F8B8B6 /* Resources */ = {
			isa = PBXResourcesBuildPhase;
			buildActionMask = 2147483647;
			files = (
			);
			runOnlyForDeploymentPostprocessing = 0;
		};
/* End PBXResourcesBuildPhase section */

/* Begin PBXShellScriptBuildPhase section */
		279F7CC690AE1727E7485682 /* [CP] Check Pods Manifest.lock */ = {
			isa = PBXShellScriptBuildPhase;
			buildActionMask = 2147483647;
			files = (
			);
			inputPaths = (
				"${PODS_PODFILE_DIR_PATH}/Podfile.lock",
				"${PODS_ROOT}/Manifest.lock",
			);
			name = "[CP] Check Pods Manifest.lock";
			outputPaths = (
				"$(DERIVED_FILE_DIR)/Pods-aqutiTests-checkManifestLockResult.txt",
			);
			runOnlyForDeploymentPostprocessing = 0;
			shellPath = /bin/sh;
			shellScript = "diff \"${PODS_PODFILE_DIR_PATH}/Podfile.lock\" \"${PODS_ROOT}/Manifest.lock\" > /dev/null\nif [ $? != 0 ] ; then\n    # print error to STDERR\n    echo \"error: The sandbox is not in sync with the Podfile.lock. Run 'pod install' or update your CocoaPods installation.\" >&2\n    exit 1\nfi\n# This output is used by Xcode 'outputs' to avoid re-running this script phase.\necho \"SUCCESS\" > \"${SCRIPT_OUTPUT_FILE_0}\"\n";
			showEnvVarsInLog = 0;
		};
		2C3D90C1D06334BBD492B4DC /* [CP] Check Pods Manifest.lock */ = {
			isa = PBXShellScriptBuildPhase;
			buildActionMask = 2147483647;
			files = (
			);
			inputPaths = (
				"${PODS_PODFILE_DIR_PATH}/Podfile.lock",
				"${PODS_ROOT}/Manifest.lock",
			);
			name = "[CP] Check Pods Manifest.lock";
			outputPaths = (
				"$(DERIVED_FILE_DIR)/Pods-aqutiUITests-checkManifestLockResult.txt",
			);
			runOnlyForDeploymentPostprocessing = 0;
			shellPath = /bin/sh;
			shellScript = "diff \"${PODS_PODFILE_DIR_PATH}/Podfile.lock\" \"${PODS_ROOT}/Manifest.lock\" > /dev/null\nif [ $? != 0 ] ; then\n    # print error to STDERR\n    echo \"error: The sandbox is not in sync with the Podfile.lock. Run 'pod install' or update your CocoaPods installation.\" >&2\n    exit 1\nfi\n# This output is used by Xcode 'outputs' to avoid re-running this script phase.\necho \"SUCCESS\" > \"${SCRIPT_OUTPUT_FILE_0}\"\n";
			showEnvVarsInLog = 0;
		};
		32B73FF505A314EA93F5DE3A /* [CP] Embed Pods Frameworks */ = {
			isa = PBXShellScriptBuildPhase;
			buildActionMask = 2147483647;
			files = (
			);
			inputPaths = (
			);
			name = "[CP] Embed Pods Frameworks";
			outputPaths = (
			);
			runOnlyForDeploymentPostprocessing = 0;
			shellPath = /bin/sh;
			shellScript = "\"${SRCROOT}/Pods/Target Support Files/Pods-aquti/Pods-aquti-frameworks.sh\"\n";
			showEnvVarsInLog = 0;
		};
		74DF7014B47188A47BCD27B9 /* [CP] Copy Pods Resources */ = {
			isa = PBXShellScriptBuildPhase;
			buildActionMask = 2147483647;
			files = (
			);
			inputPaths = (
			);
			name = "[CP] Copy Pods Resources";
			outputPaths = (
			);
			runOnlyForDeploymentPostprocessing = 0;
			shellPath = /bin/sh;
			shellScript = "\"${SRCROOT}/Pods/Target Support Files/Pods-aqutiTests/Pods-aqutiTests-resources.sh\"\n";
			showEnvVarsInLog = 0;
		};
		773263B9541A91FF4821598E /* [CP] Embed Pods Frameworks */ = {
			isa = PBXShellScriptBuildPhase;
			buildActionMask = 2147483647;
			files = (
			);
			inputPaths = (
			);
			name = "[CP] Embed Pods Frameworks";
			outputPaths = (
			);
			runOnlyForDeploymentPostprocessing = 0;
			shellPath = /bin/sh;
			shellScript = "\"${SRCROOT}/Pods/Target Support Files/Pods-aqutiTests/Pods-aqutiTests-frameworks.sh\"\n";
			showEnvVarsInLog = 0;
		};
		8E1406B502A4D3AA9B833759 /* [CP] Copy Pods Resources */ = {
			isa = PBXShellScriptBuildPhase;
			buildActionMask = 2147483647;
			files = (
			);
			inputPaths = (
			);
			name = "[CP] Copy Pods Resources";
			outputPaths = (
			);
			runOnlyForDeploymentPostprocessing = 0;
			shellPath = /bin/sh;
			shellScript = "\"${SRCROOT}/Pods/Target Support Files/Pods-aqutiUITests/Pods-aqutiUITests-resources.sh\"\n";
			showEnvVarsInLog = 0;
		};
		B0DE79ECBB5D2849A9B6028F /* [CP] Check Pods Manifest.lock */ = {
			isa = PBXShellScriptBuildPhase;
			buildActionMask = 2147483647;
			files = (
			);
			inputPaths = (
				"${PODS_PODFILE_DIR_PATH}/Podfile.lock",
				"${PODS_ROOT}/Manifest.lock",
			);
			name = "[CP] Check Pods Manifest.lock";
			outputPaths = (
				"$(DERIVED_FILE_DIR)/Pods-aquti-checkManifestLockResult.txt",
			);
			runOnlyForDeploymentPostprocessing = 0;
			shellPath = /bin/sh;
			shellScript = "diff \"${PODS_PODFILE_DIR_PATH}/Podfile.lock\" \"${PODS_ROOT}/Manifest.lock\" > /dev/null\nif [ $? != 0 ] ; then\n    # print error to STDERR\n    echo \"error: The sandbox is not in sync with the Podfile.lock. Run 'pod install' or update your CocoaPods installation.\" >&2\n    exit 1\nfi\n# This output is used by Xcode 'outputs' to avoid re-running this script phase.\necho \"SUCCESS\" > \"${SCRIPT_OUTPUT_FILE_0}\"\n";
			showEnvVarsInLog = 0;
		};
		D78743A6E78189FC0AC62201 /* [CP] Embed Pods Frameworks */ = {
			isa = PBXShellScriptBuildPhase;
			buildActionMask = 2147483647;
			files = (
			);
			inputPaths = (
			);
			name = "[CP] Embed Pods Frameworks";
			outputPaths = (
			);
			runOnlyForDeploymentPostprocessing = 0;
			shellPath = /bin/sh;
			shellScript = "\"${SRCROOT}/Pods/Target Support Files/Pods-aqutiUITests/Pods-aqutiUITests-frameworks.sh\"\n";
			showEnvVarsInLog = 0;
		};
		E1E27776714E0D47C2DBA4FD /* [CP] Copy Pods Resources */ = {
			isa = PBXShellScriptBuildPhase;
			buildActionMask = 2147483647;
			files = (
			);
			inputPaths = (
				"${SRCROOT}/Pods/Target Support Files/Pods-aquti/Pods-aquti-resources.sh",
				"${PODS_ROOT}/GoogleMaps/Maps/Frameworks/GoogleMaps.framework/Resources/GoogleMaps.bundle",
				"${PODS_ROOT}/GooglePlaces/Frameworks/GooglePlaces.framework/Resources/GooglePlaces.bundle",
			);
			name = "[CP] Copy Pods Resources";
			outputPaths = (
				"${TARGET_BUILD_DIR}/${UNLOCALIZED_RESOURCES_FOLDER_PATH}",
			);
			runOnlyForDeploymentPostprocessing = 0;
			shellPath = /bin/sh;
			shellScript = "\"${SRCROOT}/Pods/Target Support Files/Pods-aquti/Pods-aquti-resources.sh\"\n";
			showEnvVarsInLog = 0;
		};
/* End PBXShellScriptBuildPhase section */

/* Begin PBXSourcesBuildPhase section */
		0EB7543C1FEBCD2500F8B8B6 /* Sources */ = {
			isa = PBXSourcesBuildPhase;
			buildActionMask = 2147483647;
			files = (
				0E66A3751FFB897E00F503B6 /* WeatherService.swift in Sources */,
				0E1086051FF937A700C262A4 /* DetailViewControllerTableCell.swift in Sources */,
				0EB754461FEBCD2600F8B8B6 /* MapViewController.swift in Sources */,
				0E12CAA61FF5177000699CA8 /* TypeViewController.swift in Sources */,
				0E13284D1FFBD01B00AD6CC8 /* Weather.swift in Sources */,
				0E705E741FED362D0081E1DA /* LocationServices.swift in Sources */,
				0E5F38851FEEA44A00C3E9B4 /* DetailViewController.swift in Sources */,
				0EB754441FEBCD2600F8B8B6 /* AppDelegate.swift in Sources */,
				0E1B4B251FEE978B00CD905D /* PageViewController.swift in Sources */,
			);
			runOnlyForDeploymentPostprocessing = 0;
		};
		0EB754501FEBCD2600F8B8B6 /* Sources */ = {
			isa = PBXSourcesBuildPhase;
			buildActionMask = 2147483647;
			files = (
				0EB754591FEBCD2600F8B8B6 /* aqutiTests.swift in Sources */,
			);
			runOnlyForDeploymentPostprocessing = 0;
		};
		0EB7545B1FEBCD2600F8B8B6 /* Sources */ = {
			isa = PBXSourcesBuildPhase;
			buildActionMask = 2147483647;
			files = (
				0EB754641FEBCD2600F8B8B6 /* aqutiUITests.swift in Sources */,
			);
			runOnlyForDeploymentPostprocessing = 0;
		};
/* End PBXSourcesBuildPhase section */

/* Begin PBXTargetDependency section */
		0EB754561FEBCD2600F8B8B6 /* PBXTargetDependency */ = {
			isa = PBXTargetDependency;
			target = 0EB7543F1FEBCD2500F8B8B6 /* aquti */;
			targetProxy = 0EB754551FEBCD2600F8B8B6 /* PBXContainerItemProxy */;
		};
		0EB754611FEBCD2600F8B8B6 /* PBXTargetDependency */ = {
			isa = PBXTargetDependency;
			target = 0EB7543F1FEBCD2500F8B8B6 /* aquti */;
			targetProxy = 0EB754601FEBCD2600F8B8B6 /* PBXContainerItemProxy */;
		};
/* End PBXTargetDependency section */

/* Begin PBXVariantGroup section */
		0EB754471FEBCD2600F8B8B6 /* Main.storyboard */ = {
			isa = PBXVariantGroup;
			children = (
				0EB754481FEBCD2600F8B8B6 /* Base */,
			);
			name = Main.storyboard;
			sourceTree = "<group>";
		};
		0EB7544C1FEBCD2600F8B8B6 /* LaunchScreen.storyboard */ = {
			isa = PBXVariantGroup;
			children = (
				0EB7544D1FEBCD2600F8B8B6 /* Base */,
			);
			name = LaunchScreen.storyboard;
			sourceTree = "<group>";
		};
/* End PBXVariantGroup section */

/* Begin XCBuildConfiguration section */
		0EB754661FEBCD2600F8B8B6 /* Debug */ = {
			isa = XCBuildConfiguration;
			buildSettings = {
				ALWAYS_SEARCH_USER_PATHS = NO;
				CLANG_ANALYZER_NONNULL = YES;
				CLANG_ANALYZER_NUMBER_OBJECT_CONVERSION = YES_AGGRESSIVE;
				CLANG_CXX_LANGUAGE_STANDARD = "gnu++14";
				CLANG_CXX_LIBRARY = "libc++";
				CLANG_ENABLE_MODULES = YES;
				CLANG_ENABLE_OBJC_ARC = YES;
				CLANG_WARN_BLOCK_CAPTURE_AUTORELEASING = YES;
				CLANG_WARN_BOOL_CONVERSION = YES;
				CLANG_WARN_COMMA = YES;
				CLANG_WARN_CONSTANT_CONVERSION = YES;
				CLANG_WARN_DIRECT_OBJC_ISA_USAGE = YES_ERROR;
				CLANG_WARN_DOCUMENTATION_COMMENTS = YES;
				CLANG_WARN_EMPTY_BODY = YES;
				CLANG_WARN_ENUM_CONVERSION = YES;
				CLANG_WARN_INFINITE_RECURSION = YES;
				CLANG_WARN_INT_CONVERSION = YES;
				CLANG_WARN_NON_LITERAL_NULL_CONVERSION = YES;
				CLANG_WARN_OBJC_LITERAL_CONVERSION = YES;
				CLANG_WARN_OBJC_ROOT_CLASS = YES_ERROR;
				CLANG_WARN_RANGE_LOOP_ANALYSIS = YES;
				CLANG_WARN_STRICT_PROTOTYPES = YES;
				CLANG_WARN_SUSPICIOUS_MOVE = YES;
				CLANG_WARN_UNGUARDED_AVAILABILITY = YES_AGGRESSIVE;
				CLANG_WARN_UNREACHABLE_CODE = YES;
				CLANG_WARN__DUPLICATE_METHOD_MATCH = YES;
				CODE_SIGN_IDENTITY = "iPhone Developer";
				COPY_PHASE_STRIP = NO;
				DEBUG_INFORMATION_FORMAT = dwarf;
				ENABLE_STRICT_OBJC_MSGSEND = YES;
				ENABLE_TESTABILITY = YES;
				GCC_C_LANGUAGE_STANDARD = gnu11;
				GCC_DYNAMIC_NO_PIC = NO;
				GCC_NO_COMMON_BLOCKS = YES;
				GCC_OPTIMIZATION_LEVEL = 0;
				GCC_PREPROCESSOR_DEFINITIONS = (
					"DEBUG=1",
					"$(inherited)",
				);
				GCC_WARN_64_TO_32_BIT_CONVERSION = YES;
				GCC_WARN_ABOUT_RETURN_TYPE = YES_ERROR;
				GCC_WARN_UNDECLARED_SELECTOR = YES;
				GCC_WARN_UNINITIALIZED_AUTOS = YES_AGGRESSIVE;
				GCC_WARN_UNUSED_FUNCTION = YES;
				GCC_WARN_UNUSED_VARIABLE = YES;
				IPHONEOS_DEPLOYMENT_TARGET = 11.0;
				MTL_ENABLE_DEBUG_INFO = YES;
				ONLY_ACTIVE_ARCH = YES;
				SDKROOT = iphoneos;
				SWIFT_ACTIVE_COMPILATION_CONDITIONS = DEBUG;
				SWIFT_OPTIMIZATION_LEVEL = "-Onone";
			};
			name = Debug;
		};
		0EB754671FEBCD2600F8B8B6 /* Release */ = {
			isa = XCBuildConfiguration;
			buildSettings = {
				ALWAYS_SEARCH_USER_PATHS = NO;
				CLANG_ANALYZER_NONNULL = YES;
				CLANG_ANALYZER_NUMBER_OBJECT_CONVERSION = YES_AGGRESSIVE;
				CLANG_CXX_LANGUAGE_STANDARD = "gnu++14";
				CLANG_CXX_LIBRARY = "libc++";
				CLANG_ENABLE_MODULES = YES;
				CLANG_ENABLE_OBJC_ARC = YES;
				CLANG_WARN_BLOCK_CAPTURE_AUTORELEASING = YES;
				CLANG_WARN_BOOL_CONVERSION = YES;
				CLANG_WARN_COMMA = YES;
				CLANG_WARN_CONSTANT_CONVERSION = YES;
				CLANG_WARN_DIRECT_OBJC_ISA_USAGE = YES_ERROR;
				CLANG_WARN_DOCUMENTATION_COMMENTS = YES;
				CLANG_WARN_EMPTY_BODY = YES;
				CLANG_WARN_ENUM_CONVERSION = YES;
				CLANG_WARN_INFINITE_RECURSION = YES;
				CLANG_WARN_INT_CONVERSION = YES;
				CLANG_WARN_NON_LITERAL_NULL_CONVERSION = YES;
				CLANG_WARN_OBJC_LITERAL_CONVERSION = YES;
				CLANG_WARN_OBJC_ROOT_CLASS = YES_ERROR;
				CLANG_WARN_RANGE_LOOP_ANALYSIS = YES;
				CLANG_WARN_STRICT_PROTOTYPES = YES;
				CLANG_WARN_SUSPICIOUS_MOVE = YES;
				CLANG_WARN_UNGUARDED_AVAILABILITY = YES_AGGRESSIVE;
				CLANG_WARN_UNREACHABLE_CODE = YES;
				CLANG_WARN__DUPLICATE_METHOD_MATCH = YES;
				CODE_SIGN_IDENTITY = "iPhone Developer";
				COPY_PHASE_STRIP = NO;
				DEBUG_INFORMATION_FORMAT = "dwarf-with-dsym";
				ENABLE_NS_ASSERTIONS = NO;
				ENABLE_STRICT_OBJC_MSGSEND = YES;
				GCC_C_LANGUAGE_STANDARD = gnu11;
				GCC_NO_COMMON_BLOCKS = YES;
				GCC_WARN_64_TO_32_BIT_CONVERSION = YES;
				GCC_WARN_ABOUT_RETURN_TYPE = YES_ERROR;
				GCC_WARN_UNDECLARED_SELECTOR = YES;
				GCC_WARN_UNINITIALIZED_AUTOS = YES_AGGRESSIVE;
				GCC_WARN_UNUSED_FUNCTION = YES;
				GCC_WARN_UNUSED_VARIABLE = YES;
				IPHONEOS_DEPLOYMENT_TARGET = 11.0;
				MTL_ENABLE_DEBUG_INFO = NO;
				SDKROOT = iphoneos;
				SWIFT_OPTIMIZATION_LEVEL = "-Owholemodule";
				VALIDATE_PRODUCT = YES;
			};
			name = Release;
		};
		0EB754691FEBCD2600F8B8B6 /* Debug */ = {
			isa = XCBuildConfiguration;
			baseConfigurationReference = 0E7284F000D55B5B8580E66F /* Pods-aquti.debug.xcconfig */;
			buildSettings = {
				ASSETCATALOG_COMPILER_APPICON_NAME = AppIcon;
				"CODE_SIGN_IDENTITY[sdk=iphoneos*]" = "iPhone Developer";
				CODE_SIGN_STYLE = Automatic;
				DEVELOPMENT_TEAM = 545954QHVM;
				FRAMEWORK_SEARCH_PATHS = (
					"$(inherited)",
					"$(PROJECT_DIR)/Pods/GoogleMaps/Maps/Frameworks",
				);
				INFOPLIST_FILE = aquti/Info.plist;
				LD_RUNPATH_SEARCH_PATHS = "$(inherited) @executable_path/Frameworks";
				PRODUCT_BUNDLE_IDENTIFIER = Wout.aquti;
				PRODUCT_NAME = "$(TARGET_NAME)";
				PROVISIONING_PROFILE_SPECIFIER = "";
				SWIFT_VERSION = 4.0;
				TARGETED_DEVICE_FAMILY = "1,2";
			};
			name = Debug;
		};
		0EB7546A1FEBCD2600F8B8B6 /* Release */ = {
			isa = XCBuildConfiguration;
			baseConfigurationReference = 9538F6FF514049D9F15D82A8 /* Pods-aquti.release.xcconfig */;
			buildSettings = {
				ASSETCATALOG_COMPILER_APPICON_NAME = AppIcon;
				"CODE_SIGN_IDENTITY[sdk=iphoneos*]" = "iPhone Developer";
				CODE_SIGN_STYLE = Automatic;
				DEVELOPMENT_TEAM = 545954QHVM;
				FRAMEWORK_SEARCH_PATHS = (
					"$(inherited)",
					"$(PROJECT_DIR)/Pods/GoogleMaps/Maps/Frameworks",
				);
				INFOPLIST_FILE = aquti/Info.plist;
				LD_RUNPATH_SEARCH_PATHS = "$(inherited) @executable_path/Frameworks";
				PRODUCT_BUNDLE_IDENTIFIER = Wout.aquti;
				PRODUCT_NAME = "$(TARGET_NAME)";
				PROVISIONING_PROFILE_SPECIFIER = "";
				SWIFT_VERSION = 4.0;
				TARGETED_DEVICE_FAMILY = "1,2";
			};
			name = Release;
		};
		0EB7546C1FEBCD2600F8B8B6 /* Debug */ = {
			isa = XCBuildConfiguration;
			baseConfigurationReference = 1E554587B80CB72A33972B75 /* Pods-aqutiTests.debug.xcconfig */;
			buildSettings = {
				ALWAYS_EMBED_SWIFT_STANDARD_LIBRARIES = YES;
				BUNDLE_LOADER = "$(TEST_HOST)";
				CODE_SIGN_STYLE = Automatic;
				INFOPLIST_FILE = aqutiTests/Info.plist;
				LD_RUNPATH_SEARCH_PATHS = "$(inherited) @executable_path/Frameworks @loader_path/Frameworks";
				PRODUCT_BUNDLE_IDENTIFIER = Wout.aqutiTests;
				PRODUCT_NAME = "$(TARGET_NAME)";
				SWIFT_VERSION = 4.0;
				TARGETED_DEVICE_FAMILY = "1,2";
				TEST_HOST = "$(BUILT_PRODUCTS_DIR)/aquti.app/aquti";
			};
			name = Debug;
		};
		0EB7546D1FEBCD2600F8B8B6 /* Release */ = {
			isa = XCBuildConfiguration;
			baseConfigurationReference = E157F8217A67EB405D707A5C /* Pods-aqutiTests.release.xcconfig */;
			buildSettings = {
				ALWAYS_EMBED_SWIFT_STANDARD_LIBRARIES = YES;
				BUNDLE_LOADER = "$(TEST_HOST)";
				CODE_SIGN_STYLE = Automatic;
				INFOPLIST_FILE = aqutiTests/Info.plist;
				LD_RUNPATH_SEARCH_PATHS = "$(inherited) @executable_path/Frameworks @loader_path/Frameworks";
				PRODUCT_BUNDLE_IDENTIFIER = Wout.aqutiTests;
				PRODUCT_NAME = "$(TARGET_NAME)";
				SWIFT_VERSION = 4.0;
				TARGETED_DEVICE_FAMILY = "1,2";
				TEST_HOST = "$(BUILT_PRODUCTS_DIR)/aquti.app/aquti";
			};
			name = Release;
		};
		0EB7546F1FEBCD2600F8B8B6 /* Debug */ = {
			isa = XCBuildConfiguration;
			baseConfigurationReference = FB7D27E6AA9671C11093771E /* Pods-aqutiUITests.debug.xcconfig */;
			buildSettings = {
				ALWAYS_EMBED_SWIFT_STANDARD_LIBRARIES = YES;
				CODE_SIGN_STYLE = Automatic;
				INFOPLIST_FILE = aqutiUITests/Info.plist;
				LD_RUNPATH_SEARCH_PATHS = "$(inherited) @executable_path/Frameworks @loader_path/Frameworks";
				PRODUCT_BUNDLE_IDENTIFIER = Wout.aqutiUITests;
				PRODUCT_NAME = "$(TARGET_NAME)";
				SWIFT_VERSION = 4.0;
				TARGETED_DEVICE_FAMILY = "1,2";
				TEST_TARGET_NAME = aquti;
			};
			name = Debug;
		};
		0EB754701FEBCD2600F8B8B6 /* Release */ = {
			isa = XCBuildConfiguration;
			baseConfigurationReference = CEBA0D288A4D50CC3E694CEA /* Pods-aqutiUITests.release.xcconfig */;
			buildSettings = {
				ALWAYS_EMBED_SWIFT_STANDARD_LIBRARIES = YES;
				CODE_SIGN_STYLE = Automatic;
				INFOPLIST_FILE = aqutiUITests/Info.plist;
				LD_RUNPATH_SEARCH_PATHS = "$(inherited) @executable_path/Frameworks @loader_path/Frameworks";
				PRODUCT_BUNDLE_IDENTIFIER = Wout.aqutiUITests;
				PRODUCT_NAME = "$(TARGET_NAME)";
				SWIFT_VERSION = 4.0;
				TARGETED_DEVICE_FAMILY = "1,2";
				TEST_TARGET_NAME = aquti;
			};
			name = Release;
		};
/* End XCBuildConfiguration section */

/* Begin XCConfigurationList section */
		0EB7543B1FEBCD2500F8B8B6 /* Build configuration list for PBXProject "aquti" */ = {
			isa = XCConfigurationList;
			buildConfigurations = (
				0EB754661FEBCD2600F8B8B6 /* Debug */,
				0EB754671FEBCD2600F8B8B6 /* Release */,
			);
			defaultConfigurationIsVisible = 0;
			defaultConfigurationName = Release;
		};
		0EB754681FEBCD2600F8B8B6 /* Build configuration list for PBXNativeTarget "aquti" */ = {
			isa = XCConfigurationList;
			buildConfigurations = (
				0EB754691FEBCD2600F8B8B6 /* Debug */,
				0EB7546A1FEBCD2600F8B8B6 /* Release */,
			);
			defaultConfigurationIsVisible = 0;
			defaultConfigurationName = Release;
		};
		0EB7546B1FEBCD2600F8B8B6 /* Build configuration list for PBXNativeTarget "aqutiTests" */ = {
			isa = XCConfigurationList;
			buildConfigurations = (
				0EB7546C1FEBCD2600F8B8B6 /* Debug */,
				0EB7546D1FEBCD2600F8B8B6 /* Release */,
			);
			defaultConfigurationIsVisible = 0;
			defaultConfigurationName = Release;
		};
		0EB7546E1FEBCD2600F8B8B6 /* Build configuration list for PBXNativeTarget "aqutiUITests" */ = {
			isa = XCConfigurationList;
			buildConfigurations = (
				0EB7546F1FEBCD2600F8B8B6 /* Debug */,
				0EB754701FEBCD2600F8B8B6 /* Release */,
			);
			defaultConfigurationIsVisible = 0;
			defaultConfigurationName = Release;
		};
/* End XCConfigurationList section */
	};
	rootObject = 0EB754381FEBCD2500F8B8B6 /* Project object */;
}
